
Microsoft Visual Studio Solution File, Format Version 12.00
# Visual Studio Version 16
VisualStudioVersion = 16.0.33927.289
MinimumVisualStudioVersion = 10.0.40219.1
Project("{2150E333-8FDC-42A3-9474-1A3956D46DE8}") = "Task0", "Task0", "{8434A195-A7F2-4E60-A5D7-32AA71A2C589}"
EndProject
Project("{FAE04EC0-301F-11D3-BF4B-00C04F79EFBC}") = "Tyuiu.GornovTA.Sprint6.Task0.V26.Lib", "Tyuiu.GornovTA.Sprint6.Task0.V26.Lib\Tyuiu.GornovTA.Sprint6.Task0.V26.Lib.csproj", "{7F7054A7-650F-49D9-9258-2F511FCC4172}"
EndProject
Project("{FAE04EC0-301F-11D3-BF4B-00C04F79EFBC}") = "Tyuiu.GornovTA.Sprint6.Task0.V26.Test", "Tyuiu.GornovTA.Sprint6.Task0.V26.Test\Tyuiu.GornovTA.Sprint6.Task0.V26.Test.csproj", "{FE26DA09-0CAE-4163-BED7-EF58020A47DC}"
EndProject
Project("{FAE04EC0-301F-11D3-BF4B-00C04F79EFBC}") = "Tyuiu.GornovTA.Sprint6.Task0.V26", "Tyuiu.GornovTA.Sprint6.Task0.V26\Tyuiu.GornovTA.Sprint6.Task0.V26.csproj", "{FE458456-02BD-49ED-A534-CFC032E58ADB}"
EndProject
Project("{2150E333-8FDC-42A3-9474-1A3956D46DE8}") = "Task1", "Task1", "{799FD9E4-33FC-406B-BE89-DCD120A7EB11}"
EndProject
Project("{FAE04EC0-301F-11D3-BF4B-00C04F79EFBC}") = "Tyuiu.GornovTA.Sprint6.Task1.V1", "Tyuiu.GornovTA.Sprint6.Task1.V1\Tyuiu.GornovTA.Sprint6.Task1.V1.csproj", "{D193DB67-BFFE-488A-9D9B-887A7CC39888}"
EndProject
Project("{FAE04EC0-301F-11D3-BF4B-00C04F79EFBC}") = "Tyuiu.GornovTA.Sprint6.Task1.V1.Test", "Tyuiu.GornovTA.Sprint6.Task1.V1.Test\Tyuiu.GornovTA.Sprint6.Task1.V1.Test.csproj", "{E83623C0-4979-47B4-8729-C594DFEE2E4D}"
EndProject
Project("{FAE04EC0-301F-11D3-BF4B-00C04F79EFBC}") = "Tyuiu.GornovTA.Sprint6.Task1.V1.Lib", "Tyuiu.GornovTA.Sprint6.Task1.V1.Lib\Tyuiu.GornovTA.Sprint6.Task1.V1.Lib.csproj", "{76A442A3-C0CA-4E33-8ADD-B8450DA760DF}"
EndProject
Project("{2150E333-8FDC-42A3-9474-1A3956D46DE8}") = "Task2", "Task2", "{F75E3572-49A9-4969-A3DF-5C7A7180D905}"
EndProject
Project("{FAE04EC0-301F-11D3-BF4B-00C04F79EFBC}") = "Tyuiu.GornovTA.Sprint6.Task2.V25", "Tyuiu.GornovTA.Sprint6.Task2.V25\Tyuiu.GornovTA.Sprint6.Task2.V25.csproj", "{249396D8-A60A-48BD-B5AD-9B52D4FC737F}"
EndProject
Project("{FAE04EC0-301F-11D3-BF4B-00C04F79EFBC}") = "Tyuiu.GornovTA.Sprint6.Task2.V25.Lib", "Tyuiu.GornovTA.Sprint6.Task2.V25.Lib\Tyuiu.GornovTA.Sprint6.Task2.V25.Lib.csproj", "{4393A75C-5520-4597-B42E-D981B7AA0E5A}"
EndProject
Project("{FAE04EC0-301F-11D3-BF4B-00C04F79EFBC}") = "Tyuiu.GornovTA.Sprint6.Task2.V25.Test", "Tyuiu.GornovTA.Sprint6.Task2.V25.Test\Tyuiu.GornovTA.Sprint6.Task2.V25.Test.csproj", "{7AD112E9-F78E-4CA8-8E9C-9FFA34AEE7AE}"
EndProject
Project("{2150E333-8FDC-42A3-9474-1A3956D46DE8}") = "Task3", "Task3", "{D20F334B-9D41-4BBC-9384-9A2FB3ABC7E9}"
EndProject
Project("{FAE04EC0-301F-11D3-BF4B-00C04F79EFBC}") = "Tyuiu.GornovTA.Sprint6.Task3.V8", "Tyuiu.GornovTA.Sprint6.Task3.V8\Tyuiu.GornovTA.Sprint6.Task3.V8.csproj", "{6C954686-8999-4575-900E-B2ADB5454D1F}"
EndProject
Project("{FAE04EC0-301F-11D3-BF4B-00C04F79EFBC}") = "Tyuiu.GornovTA.Sprint6.Task3.V8.Test", "Tyuiu.GornovTA.Sprint6.Task3.V8.Test\Tyuiu.GornovTA.Sprint6.Task3.V8.Test.csproj", "{3A2DCD92-8552-4656-BC76-8498467DF977}"
EndProject
Project("{FAE04EC0-301F-11D3-BF4B-00C04F79EFBC}") = "Tyuiu.GornovTA.Sprint6.Task3.V8.Lib", "Tyuiu.GornovTA.Sprint6.Task3.V8.Lib\Tyuiu.GornovTA.Sprint6.Task3.V8.Lib.csproj", "{4C6EA61B-97A9-4F8D-9A09-122E387D0BFD}"
EndProject
Project("{2150E333-8FDC-42A3-9474-1A3956D46DE8}") = "Task4", "Task4", "{6FE3A248-AE0A-4F67-AFCD-DF87B7D0B3AC}"
EndProject
Project("{FAE04EC0-301F-11D3-BF4B-00C04F79EFBC}") = "Tyuiu.GornovTA.Sprint6.Task4.V27", "Tyuiu.GornovTA.Sprint6.Task4.V27\Tyuiu.GornovTA.Sprint6.Task4.V27.csproj", "{9EF73329-15F1-471E-9EA0-25E439151BD5}"
EndProject
Project("{FAE04EC0-301F-11D3-BF4B-00C04F79EFBC}") = "Tyuiu.GornovTA.Sprint6.Task4.V27.Lib", "Tyuiu.GornovTA.Sprint6.Task4.V27.Lib\Tyuiu.GornovTA.Sprint6.Task4.V27.Lib.csproj", "{F3BE7DAE-977D-40C2-A71A-A467B480751E}"
EndProject
Project("{FAE04EC0-301F-11D3-BF4B-00C04F79EFBC}") = "Tyuiu.GornovTA.Sprint6.Task4.V27.Test", "Tyuiu.GornovTA.Sprint6.Task4.V27.Test\Tyuiu.GornovTA.Sprint6.Task4.V27.Test.csproj", "{54564891-14DB-4678-9BD4-4682B0AB1230}"
EndProject
Project("{2150E333-8FDC-42A3-9474-1A3956D46DE8}") = "Task5", "Task5", "{E37CF8D9-7115-4DEC-823D-8C550B00807A}"
EndProject
Project("{FAE04EC0-301F-11D3-BF4B-00C04F79EFBC}") = "Tyuiu.GornovTA.Sprint6.Task5.V4", "Tyuiu.GornovTA.Sprint6.Task5.V4\Tyuiu.GornovTA.Sprint6.Task5.V4.csproj", "{FA722296-C48B-496F-8058-BF7E7A941EC2}"
EndProject
Project("{FAE04EC0-301F-11D3-BF4B-00C04F79EFBC}") = "Tyuiu.GornovTA.Sprint6.Task5.V4.Test", "Tyuiu.GornovTA.Sprint6.Task5.V4.Test\Tyuiu.GornovTA.Sprint6.Task5.V4.Test.csproj", "{FD28C303-AD86-4C0A-9A39-699B02D5C32C}"
EndProject
Project("{FAE04EC0-301F-11D3-BF4B-00C04F79EFBC}") = "Tyuiu.GornovTA.Sprint6.Task5.V4.Lib", "Tyuiu.GornovTA.Sprint6.Task5.V4.Lib\Tyuiu.GornovTA.Sprint6.Task5.V4.Lib.csproj", "{A9AC1FFA-BB91-4F91-A74E-9F9721707136}"
EndProject
Project("{2150E333-8FDC-42A3-9474-1A3956D46DE8}") = "Task6", "Task6", "{B1642632-CFF9-42A2-A483-807D8293775A}"
EndProject
Project("{FAE04EC0-301F-11D3-BF4B-00C04F79EFBC}") = "Tyuiu.GornovTA.Sprint6.Task6.V29", "Tyuiu.GornovTA.Sprint6.Task6.V29\Tyuiu.GornovTA.Sprint6.Task6.V29.csproj", "{A9CEAB29-52F6-4517-B5D0-2031FD9087F0}"
EndProject
Project("{FAE04EC0-301F-11D3-BF4B-00C04F79EFBC}") = "Tyuiu.GornovTA.Sprint6.Task6.V29.Lib", "Tyuiu.GornovTA.Sprint6.Task6.V29.Lib\Tyuiu.GornovTA.Sprint6.Task6.V29.Lib.csproj", "{2AD7042C-3026-49F8-A5F9-7AA29F9A020E}"
EndProject
Project("{FAE04EC0-301F-11D3-BF4B-00C04F79EFBC}") = "Tyuiu.GornovTA.Sprint6.Task6.V29.Test", "Tyuiu.GornovTA.Sprint6.Task6.V29.Test\Tyuiu.GornovTA.Sprint6.Task6.V29.Test.csproj", "{28F29626-4E85-4180-880C-2485F7B91D7F}"
EndProject
Project("{2150E333-8FDC-42A3-9474-1A3956D46DE8}") = "Task7", "Task7", "{AA1100A5-84DA-4076-9826-6C7DAEF7FFB4}"
EndProject
Project("{FAE04EC0-301F-11D3-BF4B-00C04F79EFBC}") = "Tyuiu.GornovTA.Sprint6.Task7.V8", "Tyuiu.GornovTA.Sprint6.Task7.V8\Tyuiu.GornovTA.Sprint6.Task7.V8.csproj", "{565E6A55-2DFF-4AE5-9614-CF24FB39523C}"
EndProject
Project("{FAE04EC0-301F-11D3-BF4B-00C04F79EFBC}") = "Tyuiu.GornovTA.Sprint6.Task7.V8.Test", "Tyuiu.GornovTA.Sprint6.Task7.V8.Test\Tyuiu.GornovTA.Sprint6.Task7.V8.Test.csproj", "{155434FB-BB5E-4E12-906C-0DE004CFE496}"
EndProject
Project("{FAE04EC0-301F-11D3-BF4B-00C04F79EFBC}") = "Tyuiu.GornovTA.Sprint6.Task7.V8.Lib", "Tyuiu.GornovTA.Sprint6.Task7.V8.Lib\Tyuiu.GornovTA.Sprint6.Task7.V8.Lib.csproj", "{2F7C1E54-84A5-43D7-B590-1E26C4C58DF0}"
EndProject
Global
	GlobalSection(SolutionConfigurationPlatforms) = preSolution
		Debug|Any CPU = Debug|Any CPU
		Release|Any CPU = Release|Any CPU
	EndGlobalSection
	GlobalSection(ProjectConfigurationPlatforms) = postSolution
		{7F7054A7-650F-49D9-9258-2F511FCC4172}.Debug|Any CPU.ActiveCfg = Debug|Any CPU
		{7F7054A7-650F-49D9-9258-2F511FCC4172}.Debug|Any CPU.Build.0 = Debug|Any CPU
		{7F7054A7-650F-49D9-9258-2F511FCC4172}.Release|Any CPU.ActiveCfg = Release|Any CPU
		{7F7054A7-650F-49D9-9258-2F511FCC4172}.Release|Any CPU.Build.0 = Release|Any CPU
		{FE26DA09-0CAE-4163-BED7-EF58020A47DC}.Debug|Any CPU.ActiveCfg = Debug|Any CPU
		{FE26DA09-0CAE-4163-BED7-EF58020A47DC}.Debug|Any CPU.Build.0 = Debug|Any CPU
		{FE26DA09-0CAE-4163-BED7-EF58020A47DC}.Release|Any CPU.ActiveCfg = Release|Any CPU
		{FE26DA09-0CAE-4163-BED7-EF58020A47DC}.Release|Any CPU.Build.0 = Release|Any CPU
		{FE458456-02BD-49ED-A534-CFC032E58ADB}.Debug|Any CPU.ActiveCfg = Debug|Any CPU
		{FE458456-02BD-49ED-A534-CFC032E58ADB}.Debug|Any CPU.Build.0 = Debug|Any CPU
		{FE458456-02BD-49ED-A534-CFC032E58ADB}.Release|Any CPU.ActiveCfg = Release|Any CPU
		{FE458456-02BD-49ED-A534-CFC032E58ADB}.Release|Any CPU.Build.0 = Release|Any CPU
		{D193DB67-BFFE-488A-9D9B-887A7CC39888}.Debug|Any CPU.ActiveCfg = Debug|Any CPU
		{D193DB67-BFFE-488A-9D9B-887A7CC39888}.Debug|Any CPU.Build.0 = Debug|Any CPU
		{D193DB67-BFFE-488A-9D9B-887A7CC39888}.Release|Any CPU.ActiveCfg = Release|Any CPU
		{D193DB67-BFFE-488A-9D9B-887A7CC39888}.Release|Any CPU.Build.0 = Release|Any CPU
		{E83623C0-4979-47B4-8729-C594DFEE2E4D}.Debug|Any CPU.ActiveCfg = Debug|Any CPU
		{E83623C0-4979-47B4-8729-C594DFEE2E4D}.Debug|Any CPU.Build.0 = Debug|Any CPU
		{E83623C0-4979-47B4-8729-C594DFEE2E4D}.Release|Any CPU.ActiveCfg = Release|Any CPU
		{E83623C0-4979-47B4-8729-C594DFEE2E4D}.Release|Any CPU.Build.0 = Release|Any CPU
		{76A442A3-C0CA-4E33-8ADD-B8450DA760DF}.Debug|Any CPU.ActiveCfg = Debug|Any CPU
		{76A442A3-C0CA-4E33-8ADD-B8450DA760DF}.Debug|Any CPU.Build.0 = Debug|Any CPU
		{76A442A3-C0CA-4E33-8ADD-B8450DA760DF}.Release|Any CPU.ActiveCfg = Release|Any CPU
		{76A442A3-C0CA-4E33-8ADD-B8450DA760DF}.Release|Any CPU.Build.0 = Release|Any CPU
		{249396D8-A60A-48BD-B5AD-9B52D4FC737F}.Debug|Any CPU.ActiveCfg = Debug|Any CPU
		{249396D8-A60A-48BD-B5AD-9B52D4FC737F}.Debug|Any CPU.Build.0 = Debug|Any CPU
		{249396D8-A60A-48BD-B5AD-9B52D4FC737F}.Release|Any CPU.ActiveCfg = Release|Any CPU
		{249396D8-A60A-48BD-B5AD-9B52D4FC737F}.Release|Any CPU.Build.0 = Release|Any CPU
		{4393A75C-5520-4597-B42E-D981B7AA0E5A}.Debug|Any CPU.ActiveCfg = Debug|Any CPU
		{4393A75C-5520-4597-B42E-D981B7AA0E5A}.Debug|Any CPU.Build.0 = Debug|Any CPU
		{4393A75C-5520-4597-B42E-D981B7AA0E5A}.Release|Any CPU.ActiveCfg = Release|Any CPU
		{4393A75C-5520-4597-B42E-D981B7AA0E5A}.Release|Any CPU.Build.0 = Release|Any CPU
		{7AD112E9-F78E-4CA8-8E9C-9FFA34AEE7AE}.Debug|Any CPU.ActiveCfg = Debug|Any CPU
		{7AD112E9-F78E-4CA8-8E9C-9FFA34AEE7AE}.Debug|Any CPU.Build.0 = Debug|Any CPU
		{7AD112E9-F78E-4CA8-8E9C-9FFA34AEE7AE}.Release|Any CPU.ActiveCfg = Release|Any CPU
		{7AD112E9-F78E-4CA8-8E9C-9FFA34AEE7AE}.Release|Any CPU.Build.0 = Release|Any CPU
		{6C954686-8999-4575-900E-B2ADB5454D1F}.Debug|Any CPU.ActiveCfg = Debug|Any CPU
		{6C954686-8999-4575-900E-B2ADB5454D1F}.Debug|Any CPU.Build.0 = Debug|Any CPU
		{6C954686-8999-4575-900E-B2ADB5454D1F}.Release|Any CPU.ActiveCfg = Release|Any CPU
		{6C954686-8999-4575-900E-B2ADB5454D1F}.Release|Any CPU.Build.0 = Release|Any CPU
		{3A2DCD92-8552-4656-BC76-8498467DF977}.Debug|Any CPU.ActiveCfg = Debug|Any CPU
		{3A2DCD92-8552-4656-BC76-8498467DF977}.Debug|Any CPU.Build.0 = Debug|Any CPU
		{3A2DCD92-8552-4656-BC76-8498467DF977}.Release|Any CPU.ActiveCfg = Release|Any CPU
		{3A2DCD92-8552-4656-BC76-8498467DF977}.Release|Any CPU.Build.0 = Release|Any CPU
		{4C6EA61B-97A9-4F8D-9A09-122E387D0BFD}.Debug|Any CPU.ActiveCfg = Debug|Any CPU
		{4C6EA61B-97A9-4F8D-9A09-122E387D0BFD}.Debug|Any CPU.Build.0 = Debug|Any CPU
		{4C6EA61B-97A9-4F8D-9A09-122E387D0BFD}.Release|Any CPU.ActiveCfg = Release|Any CPU
		{4C6EA61B-97A9-4F8D-9A09-122E387D0BFD}.Release|Any CPU.Build.0 = Release|Any CPU
		{9EF73329-15F1-471E-9EA0-25E439151BD5}.Debug|Any CPU.ActiveCfg = Debug|Any CPU
		{9EF73329-15F1-471E-9EA0-25E439151BD5}.Debug|Any CPU.Build.0 = Debug|Any CPU
		{9EF73329-15F1-471E-9EA0-25E439151BD5}.Release|Any CPU.ActiveCfg = Release|Any CPU
		{9EF73329-15F1-471E-9EA0-25E439151BD5}.Release|Any CPU.Build.0 = Release|Any CPU
		{F3BE7DAE-977D-40C2-A71A-A467B480751E}.Debug|Any CPU.ActiveCfg = Debug|Any CPU
		{F3BE7DAE-977D-40C2-A71A-A467B480751E}.Debug|Any CPU.Build.0 = Debug|Any CPU
		{F3BE7DAE-977D-40C2-A71A-A467B480751E}.Release|Any CPU.ActiveCfg = Release|Any CPU
		{F3BE7DAE-977D-40C2-A71A-A467B480751E}.Release|Any CPU.Build.0 = Release|Any CPU
		{54564891-14DB-4678-9BD4-4682B0AB1230}.Debug|Any CPU.ActiveCfg = Debug|Any CPU
		{54564891-14DB-4678-9BD4-4682B0AB1230}.Debug|Any CPU.Build.0 = Debug|Any CPU
		{54564891-14DB-4678-9BD4-4682B0AB1230}.Release|Any CPU.ActiveCfg = Release|Any CPU
		{54564891-14DB-4678-9BD4-4682B0AB1230}.Release|Any CPU.Build.0 = Release|Any CPU
		{FA722296-C48B-496F-8058-BF7E7A941EC2}.Debug|Any CPU.ActiveCfg = Debug|Any CPU
		{FA722296-C48B-496F-8058-BF7E7A941EC2}.Debug|Any CPU.Build.0 = Debug|Any CPU
		{FA722296-C48B-496F-8058-BF7E7A941EC2}.Release|Any CPU.ActiveCfg = Release|Any CPU
		{FA722296-C48B-496F-8058-BF7E7A941EC2}.Release|Any CPU.Build.0 = Release|Any CPU
		{FD28C303-AD86-4C0A-9A39-699B02D5C32C}.Debug|Any CPU.ActiveCfg = Debug|Any CPU
		{FD28C303-AD86-4C0A-9A39-699B02D5C32C}.Debug|Any CPU.Build.0 = Debug|Any CPU
		{FD28C303-AD86-4C0A-9A39-699B02D5C32C}.Release|Any CPU.ActiveCfg = Release|Any CPU
		{FD28C303-AD86-4C0A-9A39-699B02D5C32C}.Release|Any CPU.Build.0 = Release|Any CPU
		{A9AC1FFA-BB91-4F91-A74E-9F9721707136}.Debug|Any CPU.ActiveCfg = Debug|Any CPU
		{A9AC1FFA-BB91-4F91-A74E-9F9721707136}.Debug|Any CPU.Build.0 = Debug|Any CPU
		{A9AC1FFA-BB91-4F91-A74E-9F9721707136}.Release|Any CPU.ActiveCfg = Release|Any CPU
		{A9AC1FFA-BB91-4F91-A74E-9F9721707136}.Release|Any CPU.Build.0 = Release|Any CPU
		{A9CEAB29-52F6-4517-B5D0-2031FD9087F0}.Debug|Any CPU.ActiveCfg = Debug|Any CPU
		{A9CEAB29-52F6-4517-B5D0-2031FD9087F0}.Debug|Any CPU.Build.0 = Debug|Any CPU
		{A9CEAB29-52F6-4517-B5D0-2031FD9087F0}.Release|Any CPU.ActiveCfg = Release|Any CPU
		{A9CEAB29-52F6-4517-B5D0-2031FD9087F0}.Release|Any CPU.Build.0 = Release|Any CPU
		{2AD7042C-3026-49F8-A5F9-7AA29F9A020E}.Debug|Any CPU.ActiveCfg = Debug|Any CPU
		{2AD7042C-3026-49F8-A5F9-7AA29F9A020E}.Debug|Any CPU.Build.0 = Debug|Any CPU
		{2AD7042C-3026-49F8-A5F9-7AA29F9A020E}.Release|Any CPU.ActiveCfg = Release|Any CPU
		{2AD7042C-3026-49F8-A5F9-7AA29F9A020E}.Release|Any CPU.Build.0 = Release|Any CPU
		{28F29626-4E85-4180-880C-2485F7B91D7F}.Debug|Any CPU.ActiveCfg = Debug|Any CPU
		{28F29626-4E85-4180-880C-2485F7B91D7F}.Debug|Any CPU.Build.0 = Debug|Any CPU
		{28F29626-4E85-4180-880C-2485F7B91D7F}.Release|Any CPU.ActiveCfg = Release|Any CPU
		{28F29626-4E85-4180-880C-2485F7B91D7F}.Release|Any CPU.Build.0 = Release|Any CPU
		{565E6A55-2DFF-4AE5-9614-CF24FB39523C}.Debug|Any CPU.ActiveCfg = Debug|Any CPU
		{565E6A55-2DFF-4AE5-9614-CF24FB39523C}.Debug|Any CPU.Build.0 = Debug|Any CPU
		{565E6A55-2DFF-4AE5-9614-CF24FB39523C}.Release|Any CPU.ActiveCfg = Release|Any CPU
		{565E6A55-2DFF-4AE5-9614-CF24FB39523C}.Release|Any CPU.Build.0 = Release|Any CPU
		{155434FB-BB5E-4E12-906C-0DE004CFE496}.Debug|Any CPU.ActiveCfg = Debug|Any CPU
		{155434FB-BB5E-4E12-906C-0DE004CFE496}.Debug|Any CPU.Build.0 = Debug|Any CPU
		{155434FB-BB5E-4E12-906C-0DE004CFE496}.Release|Any CPU.ActiveCfg = Release|Any CPU
		{155434FB-BB5E-4E12-906C-0DE004CFE496}.Release|Any CPU.Build.0 = Release|Any CPU
		{2F7C1E54-84A5-43D7-B590-1E26C4C58DF0}.Debug|Any CPU.ActiveCfg = Debug|Any CPU
		{2F7C1E54-84A5-43D7-B590-1E26C4C58DF0}.Debug|Any CPU.Build.0 = Debug|Any CPU
		{2F7C1E54-84A5-43D7-B590-1E26C4C58DF0}.Release|Any CPU.ActiveCfg = Release|Any CPU
		{2F7C1E54-84A5-43D7-B590-1E26C4C58DF0}.Release|Any CPU.Build.0 = Release|Any CPU
	EndGlobalSection
	GlobalSection(SolutionProperties) = preSolution
		HideSolutionNode = FALSE
	EndGlobalSection
	GlobalSection(NestedProjects) = preSolution
		{7F7054A7-650F-49D9-9258-2F511FCC4172} = {8434A195-A7F2-4E60-A5D7-32AA71A2C589}
		{FE26DA09-0CAE-4163-BED7-EF58020A47DC} = {8434A195-A7F2-4E60-A5D7-32AA71A2C589}
		{FE458456-02BD-49ED-A534-CFC032E58ADB} = {8434A195-A7F2-4E60-A5D7-32AA71A2C589}
		{D193DB67-BFFE-488A-9D9B-887A7CC39888} = {799FD9E4-33FC-406B-BE89-DCD120A7EB11}
		{E83623C0-4979-47B4-8729-C594DFEE2E4D} = {799FD9E4-33FC-406B-BE89-DCD120A7EB11}
		{76A442A3-C0CA-4E33-8ADD-B8450DA760DF} = {799FD9E4-33FC-406B-BE89-DCD120A7EB11}
		{249396D8-A60A-48BD-B5AD-9B52D4FC737F} = {F75E3572-49A9-4969-A3DF-5C7A7180D905}
		{4393A75C-5520-4597-B42E-D981B7AA0E5A} = {F75E3572-49A9-4969-A3DF-5C7A7180D905}
		{7AD112E9-F78E-4CA8-8E9C-9FFA34AEE7AE} = {F75E3572-49A9-4969-A3DF-5C7A7180D905}
		{6C954686-8999-4575-900E-B2ADB5454D1F} = {D20F334B-9D41-4BBC-9384-9A2FB3ABC7E9}
		{3A2DCD92-8552-4656-BC76-8498467DF977} = {D20F334B-9D41-4BBC-9384-9A2FB3ABC7E9}
		{4C6EA61B-97A9-4F8D-9A09-122E387D0BFD} = {D20F334B-9D41-4BBC-9384-9A2FB3ABC7E9}
		{9EF73329-15F1-471E-9EA0-25E439151BD5} = {6FE3A248-AE0A-4F67-AFCD-DF87B7D0B3AC}
		{F3BE7DAE-977D-40C2-A71A-A467B480751E} = {6FE3A248-AE0A-4F67-AFCD-DF87B7D0B3AC}
		{54564891-14DB-4678-9BD4-4682B0AB1230} = {6FE3A248-AE0A-4F67-AFCD-DF87B7D0B3AC}
		{FA722296-C48B-496F-8058-BF7E7A941EC2} = {E37CF8D9-7115-4DEC-823D-8C550B00807A}
		{FD28C303-AD86-4C0A-9A39-699B02D5C32C} = {E37CF8D9-7115-4DEC-823D-8C550B00807A}
		{A9AC1FFA-BB91-4F91-A74E-9F9721707136} = {E37CF8D9-7115-4DEC-823D-8C550B00807A}
		{A9CEAB29-52F6-4517-B5D0-2031FD9087F0} = {B1642632-CFF9-42A2-A483-807D8293775A}
		{2AD7042C-3026-49F8-A5F9-7AA29F9A020E} = {B1642632-CFF9-42A2-A483-807D8293775A}
		{28F29626-4E85-4180-880C-2485F7B91D7F} = {B1642632-CFF9-42A2-A483-807D8293775A}
		{565E6A55-2DFF-4AE5-9614-CF24FB39523C} = {AA1100A5-84DA-4076-9826-6C7DAEF7FFB4}
		{155434FB-BB5E-4E12-906C-0DE004CFE496} = {AA1100A5-84DA-4076-9826-6C7DAEF7FFB4}
		{2F7C1E54-84A5-43D7-B590-1E26C4C58DF0} = {AA1100A5-84DA-4076-9826-6C7DAEF7FFB4}
	EndGlobalSection
	GlobalSection(ExtensibilityGlobals) = postSolution
		SolutionGuid = {8886CF8D-8C1A-4589-829B-C370A4401F7A}
	EndGlobalSection
EndGlobal
