
Microsoft Visual Studio Solution File, Format Version 12.00
# Visual Studio Version 16
VisualStudioVersion = 16.0.33927.289
MinimumVisualStudioVersion = 10.0.40219.1
Project("{2150E333-8FDC-42A3-9474-1A3956D46DE8}") = "Task0", "Task0", "{8434A195-A7F2-4E60-A5D7-32AA71A2C589}"
EndProject
Project("{FAE04EC0-301F-11D3-BF4B-00C04F79EFBC}") = "Tyuiu.GornovTA.Sprint6.Task0.V26.Lib", "Tyuiu.GornovTA.Sprint6.Task0.V26.Lib\Tyuiu.GornovTA.Sprint6.Task0.V26.Lib.csproj", "{7F7054A7-650F-49D9-9258-2F511FCC4172}"
EndProject
Project("{FAE04EC0-301F-11D3-BF4B-00C04F79EFBC}") = "Tyuiu.GornovTA.Sprint6.Task0.V26.Test", "Tyuiu.GornovTA.Sprint6.Task0.V26.Test\Tyuiu.GornovTA.Sprint6.Task0.V26.Test.csproj", "{FE26DA09-0CAE-4163-BED7-EF58020A47DC}"
EndProject
Project("{FAE04EC0-301F-11D3-BF4B-00C04F79EFBC}") = "Tyuiu.GornovTA.Sprint6.Task0.V26", "Tyuiu.GornovTA.Sprint6.Task0.V26\Tyuiu.GornovTA.Sprint6.Task0.V26.csproj", "{FE458456-02BD-49ED-A534-CFC032E58ADB}"
EndProject
Project("{2150E333-8FDC-42A3-9474-1A3956D46DE8}") = "Task1", "Task1", "{799FD9E4-33FC-406B-BE89-DCD120A7EB11}"
EndProject
Project("{FAE04EC0-301F-11D3-BF4B-00C04F79EFBC}") = "Tyuiu.GornovTA.Sprint6.Task1.V1", "Tyuiu.GornovTA.Sprint6.Task1.V1\Tyuiu.GornovTA.Sprint6.Task1.V1.csproj", "{D193DB67-BFFE-488A-9D9B-887A7CC39888}"
EndProject
Project("{FAE04EC0-301F-11D3-BF4B-00C04F79EFBC}") = "Tyuiu.GornovTA.Sprint6.Task1.V1.Test", "Tyuiu.GornovTA.Sprint6.Task1.V1.Test\Tyuiu.GornovTA.Sprint6.Task1.V1.Test.csproj", "{E83623C0-4979-47B4-8729-C594DFEE2E4D}"
EndProject
Project("{FAE04EC0-301F-11D3-BF4B-00C04F79EFBC}") = "Tyuiu.GornovTA.Sprint6.Task1.V1.Lib", "Tyuiu.GornovTA.Sprint6.Task1.V1.Lib\Tyuiu.GornovTA.Sprint6.Task1.V1.Lib.csproj", "{76A442A3-C0CA-4E33-8ADD-B8450DA760DF}"
EndProject
Project("{2150E333-8FDC-42A3-9474-1A3956D46DE8}") = "Task2", "Task2", "{F75E3572-49A9-4969-A3DF-5C7A7180D905}"
EndProject
Project("{FAE04EC0-301F-11D3-BF4B-00C04F79EFBC}") = "Tyuiu.GornovTA.Sprint6.Task2.V25", "Tyuiu.GornovTA.Sprint6.Task2.V25\Tyuiu.GornovTA.Sprint6.Task2.V25.csproj", "{249396D8-A60A-48BD-B5AD-9B52D4FC737F}"
EndProject
Project("{FAE04EC0-301F-11D3-BF4B-00C04F79EFBC}") = "Tyuiu.GornovTA.Sprint6.Task2.V25.Lib", "Tyuiu.GornovTA.Sprint6.Task2.V25.Lib\Tyuiu.GornovTA.Sprint6.Task2.V25.Lib.csproj", "{4393A75C-5520-4597-B42E-D981B7AA0E5A}"
EndProject
Project("{FAE04EC0-301F-11D3-BF4B-00C04F79EFBC}") = "Tyuiu.GornovTA.Sprint6.Task2.V25.Test", "Tyuiu.GornovTA.Sprint6.Task2.V25.Test\Tyuiu.GornovTA.Sprint6.Task2.V25.Test.csproj", "{7AD112E9-F78E-4CA8-8E9C-9FFA34AEE7AE}"
EndProject
Global
	GlobalSection(SolutionConfigurationPlatforms) = preSolution
		Debug|Any CPU = Debug|Any CPU
		Release|Any CPU = Release|Any CPU
	EndGlobalSection
	GlobalSection(ProjectConfigurationPlatforms) = postSolution
		{7F7054A7-650F-49D9-9258-2F511FCC4172}.Debug|Any CPU.ActiveCfg = Debug|Any CPU
		{7F7054A7-650F-49D9-9258-2F511FCC4172}.Debug|Any CPU.Build.0 = Debug|Any CPU
		{7F7054A7-650F-49D9-9258-2F511FCC4172}.Release|Any CPU.ActiveCfg = Release|Any CPU
		{7F7054A7-650F-49D9-9258-2F511FCC4172}.Release|Any CPU.Build.0 = Release|Any CPU
		{FE26DA09-0CAE-4163-BED7-EF58020A47DC}.Debug|Any CPU.ActiveCfg = Debug|Any CPU
		{FE26DA09-0CAE-4163-BED7-EF58020A47DC}.Debug|Any CPU.Build.0 = Debug|Any CPU
		{FE26DA09-0CAE-4163-BED7-EF58020A47DC}.Release|Any CPU.ActiveCfg = Release|Any CPU
		{FE26DA09-0CAE-4163-BED7-EF58020A47DC}.Release|Any CPU.Build.0 = Release|Any CPU
		{FE458456-02BD-49ED-A534-CFC032E58ADB}.Debug|Any CPU.ActiveCfg = Debug|Any CPU
		{FE458456-02BD-49ED-A534-CFC032E58ADB}.Debug|Any CPU.Build.0 = Debug|Any CPU
		{FE458456-02BD-49ED-A534-CFC032E58ADB}.Release|Any CPU.ActiveCfg = Release|Any CPU
		{FE458456-02BD-49ED-A534-CFC032E58ADB}.Release|Any CPU.Build.0 = Release|Any CPU
		{D193DB67-BFFE-488A-9D9B-887A7CC39888}.Debug|Any CPU.ActiveCfg = Debug|Any CPU
		{D193DB67-BFFE-488A-9D9B-887A7CC39888}.Debug|Any CPU.Build.0 = Debug|Any CPU
		{D193DB67-BFFE-488A-9D9B-887A7CC39888}.Release|Any CPU.ActiveCfg = Release|Any CPU
		{D193DB67-BFFE-488A-9D9B-887A7CC39888}.Release|Any CPU.Build.0 = Release|Any CPU
		{E83623C0-4979-47B4-8729-C594DFEE2E4D}.Debug|Any CPU.ActiveCfg = Debug|Any CPU
		{E83623C0-4979-47B4-8729-C594DFEE2E4D}.Debug|Any CPU.Build.0 = Debug|Any CPU
		{E83623C0-4979-47B4-8729-C594DFEE2E4D}.Release|Any CPU.ActiveCfg = Release|Any CPU
		{E83623C0-4979-47B4-8729-C594DFEE2E4D}.Release|Any CPU.Build.0 = Release|Any CPU
		{76A442A3-C0CA-4E33-8ADD-B8450DA760DF}.Debug|Any CPU.ActiveCfg = Debug|Any CPU
		{76A442A3-C0CA-4E33-8ADD-B8450DA760DF}.Debug|Any CPU.Build.0 = Debug|Any CPU
		{76A442A3-C0CA-4E33-8ADD-B8450DA760DF}.Release|Any CPU.ActiveCfg = Release|Any CPU
		{76A442A3-C0CA-4E33-8ADD-B8450DA760DF}.Release|Any CPU.Build.0 = Release|Any CPU
		{249396D8-A60A-48BD-B5AD-9B52D4FC737F}.Debug|Any CPU.ActiveCfg = Debug|Any CPU
		{249396D8-A60A-48BD-B5AD-9B52D4FC737F}.Debug|Any CPU.Build.0 = Debug|Any CPU
		{249396D8-A60A-48BD-B5AD-9B52D4FC737F}.Release|Any CPU.ActiveCfg = Release|Any CPU
		{249396D8-A60A-48BD-B5AD-9B52D4FC737F}.Release|Any CPU.Build.0 = Release|Any CPU
		{4393A75C-5520-4597-B42E-D981B7AA0E5A}.Debug|Any CPU.ActiveCfg = Debug|Any CPU
		{4393A75C-5520-4597-B42E-D981B7AA0E5A}.Debug|Any CPU.Build.0 = Debug|Any CPU
		{4393A75C-5520-4597-B42E-D981B7AA0E5A}.Release|Any CPU.ActiveCfg = Release|Any CPU
		{4393A75C-5520-4597-B42E-D981B7AA0E5A}.Release|Any CPU.Build.0 = Release|Any CPU
		{7AD112E9-F78E-4CA8-8E9C-9FFA34AEE7AE}.Debug|Any CPU.ActiveCfg = Debug|Any CPU
		{7AD112E9-F78E-4CA8-8E9C-9FFA34AEE7AE}.Debug|Any CPU.Build.0 = Debug|Any CPU
		{7AD112E9-F78E-4CA8-8E9C-9FFA34AEE7AE}.Release|Any CPU.ActiveCfg = Release|Any CPU
		{7AD112E9-F78E-4CA8-8E9C-9FFA34AEE7AE}.Release|Any CPU.Build.0 = Release|Any CPU
	EndGlobalSection
	GlobalSection(SolutionProperties) = preSolution
		HideSolutionNode = FALSE
	EndGlobalSection
	GlobalSection(NestedProjects) = preSolution
		{7F7054A7-650F-49D9-9258-2F511FCC4172} = {8434A195-A7F2-4E60-A5D7-32AA71A2C589}
		{FE26DA09-0CAE-4163-BED7-EF58020A47DC} = {8434A195-A7F2-4E60-A5D7-32AA71A2C589}
		{FE458456-02BD-49ED-A534-CFC032E58ADB} = {8434A195-A7F2-4E60-A5D7-32AA71A2C589}
		{D193DB67-BFFE-488A-9D9B-887A7CC39888} = {799FD9E4-33FC-406B-BE89-DCD120A7EB11}
		{E83623C0-4979-47B4-8729-C594DFEE2E4D} = {799FD9E4-33FC-406B-BE89-DCD120A7EB11}
		{76A442A3-C0CA-4E33-8ADD-B8450DA760DF} = {799FD9E4-33FC-406B-BE89-DCD120A7EB11}
		{249396D8-A60A-48BD-B5AD-9B52D4FC737F} = {F75E3572-49A9-4969-A3DF-5C7A7180D905}
		{4393A75C-5520-4597-B42E-D981B7AA0E5A} = {F75E3572-49A9-4969-A3DF-5C7A7180D905}
		{7AD112E9-F78E-4CA8-8E9C-9FFA34AEE7AE} = {F75E3572-49A9-4969-A3DF-5C7A7180D905}
	EndGlobalSection
	GlobalSection(ExtensibilityGlobals) = postSolution
		SolutionGuid = {8886CF8D-8C1A-4589-829B-C370A4401F7A}
	EndGlobalSection
EndGlobal
